
Microsoft Visual Studio Solution File, Format Version 11.00
# Visual C# Express 2010
Project("{FAE04EC0-301F-11D3-BF4B-00C04F79EFBC}") = "WindowsGame1", "WindowsGame1\WindowsGame1\WindowsGame1.csproj", "{70B73CD6-A7A8-4744-907D-C2F8F8FF72EF}"
EndProject
Project("{96E2B04D-8817-42C6-938A-82C39BA4D311}") = "WindowsGame1Content", "WindowsGame1\WindowsGame1Content\WindowsGame1Content.contentproj", "{E864886A-FF7E-45F5-99FB-EC8C2991CB1A}"
EndProject
Global
	GlobalSection(SolutionConfigurationPlatforms) = preSolution
		Debug|x86 = Debug|x86
		Release|x86 = Release|x86
	EndGlobalSection
	GlobalSection(ProjectConfigurationPlatforms) = postSolution
		{70B73CD6-A7A8-4744-907D-C2F8F8FF72EF}.Debug|x86.ActiveCfg = Debug|x86
		{70B73CD6-A7A8-4744-907D-C2F8F8FF72EF}.Debug|x86.Build.0 = Debug|x86
		{70B73CD6-A7A8-4744-907D-C2F8F8FF72EF}.Release|x86.ActiveCfg = Release|x86
		{70B73CD6-A7A8-4744-907D-C2F8F8FF72EF}.Release|x86.Build.0 = Release|x86
		{E864886A-FF7E-45F5-99FB-EC8C2991CB1A}.Debug|x86.ActiveCfg = Debug|x86
		{E864886A-FF7E-45F5-99FB-EC8C2991CB1A}.Release|x86.ActiveCfg = Release|x86
	EndGlobalSection
	GlobalSection(SolutionProperties) = preSolution
		HideSolutionNode = FALSE
	EndGlobalSection
EndGlobal
